lockfileVersion: '9.0'

settings:
  autoInstallPeers: true
  excludeLinksFromLockfile: false

importers:

  .:
    dependencies:
      launch-editor:
        specifier: ^2.9.1
        version: 2.9.1
      ws:
        specifier: ^8.14.2
        version: 8.14.2

packages:

  launch-editor@2.9.1:
    resolution: {integrity: sha512-Gcnl4Bd+hRO9P9icCP/RVVT2o8SFlPXofuCxvA2SaZuH45whSvf5p8x5oih5ftLiVhEI4sp5xDY+R+b3zJBh5w==}

  picocolors@1.1.1:
    resolution: {integrity: sha512-xceH2snhtb5M9liqDsmEw56le376mTZkEX/jEb/RxNFyegNul7eNslCXP9FDj/Lcu0X8KEyMceP2ntpaHrDEVA==}

  shell-quote@1.8.1:
    resolution: {integrity: sha512-6j1W9l1iAs/4xYBI1SYOVZyFcCis9b4KCLQ8fgAGG07QvzaRLVVRQvAy85yNmmZSjYjg4MWh4gNvlPujU/5LpA==}

  ws@8.14.2:
    resolution: {integrity: sha512-wEBG1ftX4jcglPxgFCMJmZ2PLtSbJ2Peg6TmpJFTbe9GZYOQCDPdMYu/Tm0/bGZkw8paZnJY45J4K2PZrLYq8g==}
    engines: {node: '>=10.0.0'}
    peerDependencies:
      bufferutil: ^4.0.1
      utf-8-validate: '>=5.0.2'
    peerDependenciesMeta:
      bufferutil:
        optional: true
      utf-8-validate:
        optional: true

snapshots:

  launch-editor@2.9.1:
    dependencies:
      picocolors: 1.1.1
      shell-quote: 1.8.1

  picocolors@1.1.1: {}

  shell-quote@1.8.1: {}

  ws@8.14.2: {}
